// !$*UTF8*$!
{
	archiveVersion = 1;
	classes = {
	};
	objectVersion = 46;
	objects = {

/* Begin PBXBuildFile section */
		B00C35692017224600531F72 /* EventEmitter.swift in Sources */ = {isa = PBXBuildFile; fileRef = B00C35662017224600531F72 /* EventEmitter.swift */; };
		B03F39EA1F988DB300F7DA44 /* Int+RandomNumber.swift in Sources */ = {isa = PBXBuildFile; fileRef = B03BE8771F68D54D002E076A /* Int+RandomNumber.swift */; };
		B050173E2078C999009838F9 /* Array+InsertBetween.swift in Sources */ = {isa = PBXBuildFile; fileRef = B05017382078C999009838F9 /* Array+InsertBetween.swift */; };
		B050173F2078C999009838F9 /* Degrees+Radian.swift in Sources */ = {isa = PBXBuildFile; fileRef = B050173A2078C999009838F9 /* Degrees+Radian.swift */; };
		B05017402078C999009838F9 /* Degrees.swift in Sources */ = {isa = PBXBuildFile; fileRef = B050173B2078C999009838F9 /* Degrees.swift */; };
		B05017412078C99A009838F9 /* Radian+Degrees.swift in Sources */ = {isa = PBXBuildFile; fileRef = B050173C2078C999009838F9 /* Radian+Degrees.swift */; };
		B05017422078C99A009838F9 /* Radian.swift in Sources */ = {isa = PBXBuildFile; fileRef = B050173D2078C999009838F9 /* Radian.swift */; };
		B0577E721F98EB2F00B1578E /* HTTPBodyDecoder.swift in Sources */ = {isa = PBXBuildFile; fileRef = B0577E711F98EB2F00B1578E /* HTTPBodyDecoder.swift */; };
		B0577E751F98EC1400B1578E /* JSONDecoder+HTTPBodyDecoder.swift in Sources */ = {isa = PBXBuildFile; fileRef = B0577E741F98EC1400B1578E /* JSONDecoder+HTTPBodyDecoder.swift */; };
		B0577E7A1F98F0B300B1578E /* Result.swift in Sources */ = {isa = PBXBuildFile; fileRef = B0577E791F98F0B300B1578E /* Result.swift */; };
		B05D4F6E1F1E0D9E00929006 /* TinyCore.framework in Frameworks */ = {isa = PBXBuildFile; fileRef = B05D4F641F1E0D9D00929006 /* TinyCore.framework */; };
		B05D4FBD1F1E10C200929006 /* TinyCore.h in Headers */ = {isa = PBXBuildFile; fileRef = B05D4FBA1F1E10C200929006 /* TinyCore.h */; settings = {ATTRIBUTES = (Public, ); }; };
		B062C5BB2212C561001807A6 /* ServiceTask.swift in Sources */ = {isa = PBXBuildFile; fileRef = B062C5BA2212C560001807A6 /* ServiceTask.swift */; };
		B062C5BD2212C5B9001807A6 /* URLSessionDataTask+ServiceTask.swift in Sources */ = {isa = PBXBuildFile; fileRef = B062C5BC2212C5B8001807A6 /* URLSessionDataTask+ServiceTask.swift */; };
		B062C5BF2212C5EF001807A6 /* HTTPBodyEncoder.swift in Sources */ = {isa = PBXBuildFile; fileRef = B062C5BE2212C5EF001807A6 /* HTTPBodyEncoder.swift */; };
		B062C5C12212C60C001807A6 /* EmptyHTTPBody.swift in Sources */ = {isa = PBXBuildFile; fileRef = B062C5C02212C60C001807A6 /* EmptyHTTPBody.swift */; };
		B062C5C32212C662001807A6 /* JSONEncoder+HTTPBodyEncoder.swift in Sources */ = {isa = PBXBuildFile; fileRef = B062C5C22212C662001807A6 /* JSONEncoder+HTTPBodyEncoder.swift */; };
		B0652DAA214797E6009F8757 /* ObservedChange.swift in Sources */ = {isa = PBXBuildFile; fileRef = B0652DA9214797E6009F8757 /* ObservedChange.swift */; };
		B0652DAC21479818009F8757 /* Observation.swift in Sources */ = {isa = PBXBuildFile; fileRef = B0652DAB21479818009F8757 /* Observation.swift */; };
		B0652DB32147F878009F8757 /* ObservableTests.swift in Sources */ = {isa = PBXBuildFile; fileRef = B0652DB22147F878009F8757 /* ObservableTests.swift */; };
		B0772EDA2193D8960082C055 /* Observable+Codable.swift in Sources */ = {isa = PBXBuildFile; fileRef = B0772ED92193D8960082C055 /* Observable+Codable.swift */; };
		B07A2C3E215A1CF8002EFE87 /* Emptible.swift in Sources */ = {isa = PBXBuildFile; fileRef = B07A2C3D215A1CF8002EFE87 /* Emptible.swift */; };
		B07AB28D2200454B00E80ADC /* MIMEType.swift in Sources */ = {isa = PBXBuildFile; fileRef = B07AB28C2200454B00E80ADC /* MIMEType.swift */; };
		B07AB28F2200457600E80ADC /* MIMEType+HTTPHeaderRepresentable.swift in Sources */ = {isa = PBXBuildFile; fileRef = B07AB28E2200457600E80ADC /* MIMEType+HTTPHeaderRepresentable.swift */; };
		B0836F0521FC345E004D68F2 /* HTTPError.swift in Sources */ = {isa = PBXBuildFile; fileRef = B0836F0421FC345E004D68F2 /* HTTPError.swift */; };
		B0836F0721FC4FC5004D68F2 /* URLRequestRepresentable.swift in Sources */ = {isa = PBXBuildFile; fileRef = B0836F0621FC4FC5004D68F2 /* URLRequestRepresentable.swift */; };
		B0836F0B21FC5087004D68F2 /* HTTPHeader.swift in Sources */ = {isa = PBXBuildFile; fileRef = B0836F0A21FC5087004D68F2 /* HTTPHeader.swift */; };
		B0836F0F21FC50C6004D68F2 /* URLRequest+HTTPHeader.swift in Sources */ = {isa = PBXBuildFile; fileRef = B0836F0E21FC50C6004D68F2 /* URLRequest+HTTPHeader.swift */; };
		B0836F1521FC53E4004D68F2 /* HTTPResponse.swift in Sources */ = {isa = PBXBuildFile; fileRef = B0836F1421FC53E4004D68F2 /* HTTPResponse.swift */; };
		B0836F1721FC5603004D68F2 /* URLRequest+URLRequestRepresentable.swift in Sources */ = {isa = PBXBuildFile; fileRef = B0836F1621FC5603004D68F2 /* URLRequest+URLRequestRepresentable.swift */; };
		B0836F2721FCACE2004D68F2 /* HTTPHeaderRepresentable.swift in Sources */ = {isa = PBXBuildFile; fileRef = B0836F2621FCACE2004D68F2 /* HTTPHeaderRepresentable.swift */; };
		B0836F2A21FCAF01004D68F2 /* HTTPMethod.swift in Sources */ = {isa = PBXBuildFile; fileRef = B0836F2821FCAE96004D68F2 /* HTTPMethod.swift */; };
		B0836F2C21FCB13E004D68F2 /* HTTPRequest.swift in Sources */ = {isa = PBXBuildFile; fileRef = B0836F2B21FCB13E004D68F2 /* HTTPRequest.swift */; };
		B0836F2E21FCBAE1004D68F2 /* HTTPRequest+URLRequestRepresentable.swift in Sources */ = {isa = PBXBuildFile; fileRef = B0836F2D21FCBAE1004D68F2 /* HTTPRequest+URLRequestRepresentable.swift */; };
		B0836F4421FD71EE004D68F2 /* Initializable.swift in Sources */ = {isa = PBXBuildFile; fileRef = B0836F4321FD71EE004D68F2 /* Initializable.swift */; };
		B089F9A321F1D5200052AD8D /* Property.swift in Sources */ = {isa = PBXBuildFile; fileRef = B089F9A221F1D5200052AD8D /* Property.swift */; };
		B089F9A621F1D5E60052AD8D /* PropertyTests.swift in Sources */ = {isa = PBXBuildFile; fileRef = B089F9A421F1D5E30052AD8D /* PropertyTests.swift */; };
		B089F9A921F210F90052AD8D /* AtomicTests.swift in Sources */ = {isa = PBXBuildFile; fileRef = B089F9A721F210E70052AD8D /* AtomicTests.swift */; };
		B089F9AB21F212850052AD8D /* Atomic.swift in Sources */ = {isa = PBXBuildFile; fileRef = B089F9AA21F212850052AD8D /* Atomic.swift */; };
		B0A26EC92155E6A900747535 /* Unique.swift in Sources */ = {isa = PBXBuildFile; fileRef = B0A26EC82155E6A900747535 /* Unique.swift */; };
		B0A9DE86201724FE00AEF782 /* EventManagerTests.swift in Sources */ = {isa = PBXBuildFile; fileRef = B0A9DE85201724FE00AEF782 /* EventManagerTests.swift */; };
		B0A9DE882017255500AEF782 /* TrafficLight.swift in Sources */ = {isa = PBXBuildFile; fileRef = B0A9DE872017255500AEF782 /* TrafficLight.swift */; };
		B0AFDC8A201703DC00D8DEF6 /* URLSession+HTTPClient.swift in Sources */ = {isa = PBXBuildFile; fileRef = B0AFDC89201703DC00D8DEF6 /* URLSession+HTTPClient.swift */; };
		B0BC23852078F8C000D11A3B /* Observable.swift in Sources */ = {isa = PBXBuildFile; fileRef = B0BC23842078F8C000D11A3B /* Observable.swift */; };
		B0BC23872078F90700D11A3B /* WeakObject.swift in Sources */ = {isa = PBXBuildFile; fileRef = B0BC23862078F90700D11A3B /* WeakObject.swift */; };
		B0C8C33F21C0BB0200DED5BF /* Observable+Equatable.swift in Sources */ = {isa = PBXBuildFile; fileRef = B0C8C33E21C0BB0200DED5BF /* Observable+Equatable.swift */; };
		B0C8C34121C0E1D100DED5BF /* Binding.swift in Sources */ = {isa = PBXBuildFile; fileRef = B0C8C34021C0E1D100DED5BF /* Binding.swift */; };
		B0C8C34321C0E1F000DED5BF /* OptionalValueBinding.swift in Sources */ = {isa = PBXBuildFile; fileRef = B0C8C34221C0E1F000DED5BF /* OptionalValueBinding.swift */; };
		B0C8C34521C0E27900DED5BF /* ValueBinding.swift in Sources */ = {isa = PBXBuildFile; fileRef = B0C8C34421C0E27900DED5BF /* ValueBinding.swift */; };
		B0C8C34721C0E31100DED5BF /* AnyBinding.swift in Sources */ = {isa = PBXBuildFile; fileRef = B0C8C34621C0E31100DED5BF /* AnyBinding.swift */; };
		B0C8C35321C1114F00DED5BF /* Countable.swift in Sources */ = {isa = PBXBuildFile; fileRef = B0C8C35221C1114F00DED5BF /* Countable.swift */; };
		B0CF898C2219A6970020ECD1 /* ContextTests.swift in Sources */ = {isa = PBXBuildFile; fileRef = B0CF898B2219A6970020ECD1 /* ContextTests.swift */; };
		B0CF898F2219A9120020ECD1 /* Context.swift in Sources */ = {isa = PBXBuildFile; fileRef = B0CF898E2219A9120020ECD1 /* Context.swift */; };
		B0CF89912219A9370020ECD1 /* ContextError.swift in Sources */ = {isa = PBXBuildFile; fileRef = B0CF89902219A9370020ECD1 /* ContextError.swift */; };
		B0D0DB152146169400AD1EE7 /* ResultTests.swift in Sources */ = {isa = PBXBuildFile; fileRef = B0D0DB142146169400AD1EE7 /* ResultTests.swift */; };
		B0D0DB1C2146188500AD1EE7 /* HTTPError.swift in Sources */ = {isa = PBXBuildFile; fileRef = B0D0DB1A2146185E00AD1EE7 /* HTTPError.swift */; };
		B0DB58CC1F989C1400DAD605 /* HTTPClient.swift in Sources */ = {isa = PBXBuildFile; fileRef = B0DB58CB1F989C1400DAD605 /* HTTPClient.swift */; };
		B0DD7622221A5EE400008BAA /* PoolTests.swift in Sources */ = {isa = PBXBuildFile; fileRef = B0DD761E221A5E0200008BAA /* PoolTests.swift */; };
		B0DD7624221A61F400008BAA /* Pool.swift in Sources */ = {isa = PBXBuildFile; fileRef = B0DD7623221A61F400008BAA /* Pool.swift */; };
		B0E236622156762900FBE7B3 /* XCTUnwrapped.swift in Sources */ = {isa = PBXBuildFile; fileRef = B0E2365F2156762900FBE7B3 /* XCTUnwrapped.swift */; };
		B0F51C9E21586AD700B592F5 /* XCTSuccess.swift in Sources */ = {isa = PBXBuildFile; fileRef = B0E236602156762900FBE7B3 /* XCTSuccess.swift */; };
/* End PBXBuildFile section */

/* Begin PBXContainerItemProxy section */
		B05D4F6F1F1E0D9E00929006 /* PBXContainerItemProxy */ = {
			isa = PBXContainerItemProxy;
			containerPortal = B05D4F5B1F1E0D9D00929006 /* Project object */;
			proxyType = 1;
			remoteGlobalIDString = B05D4F631F1E0D9D00929006;
			remoteInfo = TinyCore;
		};
/* End PBXContainerItemProxy section */

/* Begin PBXFileReference section */
		B00C35662017224600531F72 /* EventEmitter.swift */ = {isa = PBXFileReference; fileEncoding = 4; lastKnownFileType = sourcecode.swift; path = EventEmitter.swift; sourceTree = "<group>"; };
		B03BE8771F68D54D002E076A /* Int+RandomNumber.swift */ = {isa = PBXFileReference; lastKnownFileType = sourcecode.swift; path = "Int+RandomNumber.swift"; sourceTree = "<group>"; };
		B05017382078C999009838F9 /* Array+InsertBetween.swift */ = {isa = PBXFileReference; fileEncoding = 4; lastKnownFileType = sourcecode.swift; path = "Array+InsertBetween.swift"; sourceTree = "<group>"; };
		B050173A2078C999009838F9 /* Degrees+Radian.swift */ = {isa = PBXFileReference; fileEncoding = 4; lastKnownFileType = sourcecode.swift; path = "Degrees+Radian.swift"; sourceTree = "<group>"; };
		B050173B2078C999009838F9 /* Degrees.swift */ = {isa = PBXFileReference; fileEncoding = 4; lastKnownFileType = sourcecode.swift; path = Degrees.swift; sourceTree = "<group>"; };
		B050173C2078C999009838F9 /* Radian+Degrees.swift */ = {isa = PBXFileReference; fileEncoding = 4; lastKnownFileType = sourcecode.swift; path = "Radian+Degrees.swift"; sourceTree = "<group>"; };
		B050173D2078C999009838F9 /* Radian.swift */ = {isa = PBXFileReference; fileEncoding = 4; lastKnownFileType = sourcecode.swift; path = Radian.swift; sourceTree = "<group>"; };
		B0577E711F98EB2F00B1578E /* HTTPBodyDecoder.swift */ = {isa = PBXFileReference; lastKnownFileType = sourcecode.swift; path = HTTPBodyDecoder.swift; sourceTree = "<group>"; };
		B0577E741F98EC1400B1578E /* JSONDecoder+HTTPBodyDecoder.swift */ = {isa = PBXFileReference; lastKnownFileType = sourcecode.swift; path = "JSONDecoder+HTTPBodyDecoder.swift"; sourceTree = "<group>"; };
		B0577E791F98F0B300B1578E /* Result.swift */ = {isa = PBXFileReference; lastKnownFileType = sourcecode.swift; path = Result.swift; sourceTree = "<group>"; };
		B05D4F641F1E0D9D00929006 /* TinyCore.framework */ = {isa = PBXFileReference; explicitFileType = wrapper.framework; includeInIndex = 0; path = TinyCore.framework; sourceTree = BUILT_PRODUCTS_DIR; };
		B05D4F6D1F1E0D9E00929006 /* TinyCoreTests.xctest */ = {isa = PBXFileReference; explicitFileType = wrapper.cfbundle; includeInIndex = 0; path = TinyCoreTests.xctest; sourceTree = BUILT_PRODUCTS_DIR; };
		B05D4FB91F1E10C200929006 /* Info.plist */ = {isa = PBXFileReference; fileEncoding = 4; lastKnownFileType = text.plist.xml; path = Info.plist; sourceTree = "<group>"; };
		B05D4FBA1F1E10C200929006 /* TinyCore.h */ = {isa = PBXFileReference; fileEncoding = 4; lastKnownFileType = sourcecode.c.h; path = TinyCore.h; sourceTree = "<group>"; };
		B05D4FC21F1E10D100929006 /* Info.plist */ = {isa = PBXFileReference; fileEncoding = 4; lastKnownFileType = text.plist.xml; path = Info.plist; sourceTree = "<group>"; };
		B062C5BA2212C560001807A6 /* ServiceTask.swift */ = {isa = PBXFileReference; fileEncoding = 4; lastKnownFileType = sourcecode.swift; path = ServiceTask.swift; sourceTree = "<group>"; };
		B062C5BC2212C5B8001807A6 /* URLSessionDataTask+ServiceTask.swift */ = {isa = PBXFileReference; fileEncoding = 4; lastKnownFileType = sourcecode.swift; path = "URLSessionDataTask+ServiceTask.swift"; sourceTree = "<group>"; };
		B062C5BE2212C5EF001807A6 /* HTTPBodyEncoder.swift */ = {isa = PBXFileReference; lastKnownFileType = sourcecode.swift; path = HTTPBodyEncoder.swift; sourceTree = "<group>"; };
		B062C5C02212C60C001807A6 /* EmptyHTTPBody.swift */ = {isa = PBXFileReference; lastKnownFileType = sourcecode.swift; path = EmptyHTTPBody.swift; sourceTree = "<group>"; };
		B062C5C22212C662001807A6 /* JSONEncoder+HTTPBodyEncoder.swift */ = {isa = PBXFileReference; lastKnownFileType = sourcecode.swift; path = "JSONEncoder+HTTPBodyEncoder.swift"; sourceTree = "<group>"; };
		B0652DA9214797E6009F8757 /* ObservedChange.swift */ = {isa = PBXFileReference; lastKnownFileType = sourcecode.swift; path = ObservedChange.swift; sourceTree = "<group>"; };
		B0652DAB21479818009F8757 /* Observation.swift */ = {isa = PBXFileReference; lastKnownFileType = sourcecode.swift; path = Observation.swift; sourceTree = "<group>"; };
		B0652DB22147F878009F8757 /* ObservableTests.swift */ = {isa = PBXFileReference; lastKnownFileType = sourcecode.swift; path = ObservableTests.swift; sourceTree = "<group>"; };
		B0772ED92193D8960082C055 /* Observable+Codable.swift */ = {isa = PBXFileReference; lastKnownFileType = sourcecode.swift; path = "Observable+Codable.swift"; sourceTree = "<group>"; };
		B07A2C3D215A1CF8002EFE87 /* Emptible.swift */ = {isa = PBXFileReference; lastKnownFileType = sourcecode.swift; path = Emptible.swift; sourceTree = "<group>"; };
		B07AB28C2200454B00E80ADC /* MIMEType.swift */ = {isa = PBXFileReference; lastKnownFileType = sourcecode.swift; path = MIMEType.swift; sourceTree = "<group>"; };
		B07AB28E2200457600E80ADC /* MIMEType+HTTPHeaderRepresentable.swift */ = {isa = PBXFileReference; lastKnownFileType = sourcecode.swift; path = "MIMEType+HTTPHeaderRepresentable.swift"; sourceTree = "<group>"; };
		B0836F0421FC345E004D68F2 /* HTTPError.swift */ = {isa = PBXFileReference; lastKnownFileType = sourcecode.swift; path = HTTPError.swift; sourceTree = "<group>"; };
		B0836F0621FC4FC5004D68F2 /* URLRequestRepresentable.swift */ = {isa = PBXFileReference; lastKnownFileType = sourcecode.swift; path = URLRequestRepresentable.swift; sourceTree = "<group>"; };
		B0836F0A21FC5087004D68F2 /* HTTPHeader.swift */ = {isa = PBXFileReference; lastKnownFileType = sourcecode.swift; path = HTTPHeader.swift; sourceTree = "<group>"; };
		B0836F0E21FC50C6004D68F2 /* URLRequest+HTTPHeader.swift */ = {isa = PBXFileReference; lastKnownFileType = sourcecode.swift; path = "URLRequest+HTTPHeader.swift"; sourceTree = "<group>"; };
		B0836F1421FC53E4004D68F2 /* HTTPResponse.swift */ = {isa = PBXFileReference; lastKnownFileType = sourcecode.swift; path = HTTPResponse.swift; sourceTree = "<group>"; };
		B0836F1621FC5603004D68F2 /* URLRequest+URLRequestRepresentable.swift */ = {isa = PBXFileReference; lastKnownFileType = sourcecode.swift; path = "URLRequest+URLRequestRepresentable.swift"; sourceTree = "<group>"; };
		B0836F2621FCACE2004D68F2 /* HTTPHeaderRepresentable.swift */ = {isa = PBXFileReference; fileEncoding = 4; lastKnownFileType = sourcecode.swift; path = HTTPHeaderRepresentable.swift; sourceTree = "<group>"; };
		B0836F2821FCAE96004D68F2 /* HTTPMethod.swift */ = {isa = PBXFileReference; lastKnownFileType = sourcecode.swift; path = HTTPMethod.swift; sourceTree = "<group>"; };
		B0836F2B21FCB13E004D68F2 /* HTTPRequest.swift */ = {isa = PBXFileReference; lastKnownFileType = sourcecode.swift; path = HTTPRequest.swift; sourceTree = "<group>"; };
		B0836F2D21FCBAE1004D68F2 /* HTTPRequest+URLRequestRepresentable.swift */ = {isa = PBXFileReference; lastKnownFileType = sourcecode.swift; path = "HTTPRequest+URLRequestRepresentable.swift"; sourceTree = "<group>"; };
		B0836F4321FD71EE004D68F2 /* Initializable.swift */ = {isa = PBXFileReference; fileEncoding = 4; lastKnownFileType = sourcecode.swift; path = Initializable.swift; sourceTree = "<group>"; };
		B089F9A221F1D5200052AD8D /* Property.swift */ = {isa = PBXFileReference; lastKnownFileType = sourcecode.swift; path = Property.swift; sourceTree = "<group>"; };
		B089F9A421F1D5E30052AD8D /* PropertyTests.swift */ = {isa = PBXFileReference; lastKnownFileType = sourcecode.swift; path = PropertyTests.swift; sourceTree = "<group>"; };
		B089F9A721F210E70052AD8D /* AtomicTests.swift */ = {isa = PBXFileReference; lastKnownFileType = sourcecode.swift; path = AtomicTests.swift; sourceTree = "<group>"; };
		B089F9AA21F212850052AD8D /* Atomic.swift */ = {isa = PBXFileReference; lastKnownFileType = sourcecode.swift; path = Atomic.swift; sourceTree = "<group>"; };
		B0A26EC82155E6A900747535 /* Unique.swift */ = {isa = PBXFileReference; lastKnownFileType = sourcecode.swift; path = Unique.swift; sourceTree = "<group>"; };
		B0A9DE85201724FE00AEF782 /* EventManagerTests.swift */ = {isa = PBXFileReference; lastKnownFileType = sourcecode.swift; path = EventManagerTests.swift; sourceTree = "<group>"; };
		B0A9DE872017255500AEF782 /* TrafficLight.swift */ = {isa = PBXFileReference; lastKnownFileType = sourcecode.swift; path = TrafficLight.swift; sourceTree = "<group>"; };
		B0AFDC89201703DC00D8DEF6 /* URLSession+HTTPClient.swift */ = {isa = PBXFileReference; lastKnownFileType = sourcecode.swift; path = "URLSession+HTTPClient.swift"; sourceTree = "<group>"; };
		B0BC23842078F8C000D11A3B /* Observable.swift */ = {isa = PBXFileReference; fileEncoding = 4; lastKnownFileType = sourcecode.swift; path = Observable.swift; sourceTree = "<group>"; };
		B0BC23862078F90700D11A3B /* WeakObject.swift */ = {isa = PBXFileReference; fileEncoding = 4; lastKnownFileType = sourcecode.swift; path = WeakObject.swift; sourceTree = "<group>"; };
		B0C8C33E21C0BB0200DED5BF /* Observable+Equatable.swift */ = {isa = PBXFileReference; lastKnownFileType = sourcecode.swift; path = "Observable+Equatable.swift"; sourceTree = "<group>"; };
		B0C8C34021C0E1D100DED5BF /* Binding.swift */ = {isa = PBXFileReference; lastKnownFileType = sourcecode.swift; path = Binding.swift; sourceTree = "<group>"; };
		B0C8C34221C0E1F000DED5BF /* OptionalValueBinding.swift */ = {isa = PBXFileReference; lastKnownFileType = sourcecode.swift; path = OptionalValueBinding.swift; sourceTree = "<group>"; };
		B0C8C34421C0E27900DED5BF /* ValueBinding.swift */ = {isa = PBXFileReference; lastKnownFileType = sourcecode.swift; path = ValueBinding.swift; sourceTree = "<group>"; };
		B0C8C34621C0E31100DED5BF /* AnyBinding.swift */ = {isa = PBXFileReference; lastKnownFileType = sourcecode.swift; path = AnyBinding.swift; sourceTree = "<group>"; };
		B0C8C35221C1114F00DED5BF /* Countable.swift */ = {isa = PBXFileReference; lastKnownFileType = sourcecode.swift; path = Countable.swift; sourceTree = "<group>"; };
		B0CF898B2219A6970020ECD1 /* ContextTests.swift */ = {isa = PBXFileReference; lastKnownFileType = sourcecode.swift; path = ContextTests.swift; sourceTree = "<group>"; };
		B0CF898E2219A9120020ECD1 /* Context.swift */ = {isa = PBXFileReference; lastKnownFileType = sourcecode.swift; path = Context.swift; sourceTree = "<group>"; };
		B0CF89902219A9370020ECD1 /* ContextError.swift */ = {isa = PBXFileReference; lastKnownFileType = sourcecode.swift; path = ContextError.swift; sourceTree = "<group>"; };
		B0D0DB142146169400AD1EE7 /* ResultTests.swift */ = {isa = PBXFileReference; lastKnownFileType = sourcecode.swift; path = ResultTests.swift; sourceTree = "<group>"; };
		B0D0DB1A2146185E00AD1EE7 /* HTTPError.swift */ = {isa = PBXFileReference; lastKnownFileType = sourcecode.swift; path = HTTPError.swift; sourceTree = "<group>"; };
		B0DB58CB1F989C1400DAD605 /* HTTPClient.swift */ = {isa = PBXFileReference; lastKnownFileType = sourcecode.swift; path = HTTPClient.swift; sourceTree = "<group>"; };
		B0DD761E221A5E0200008BAA /* PoolTests.swift */ = {isa = PBXFileReference; lastKnownFileType = sourcecode.swift; path = PoolTests.swift; sourceTree = "<group>"; };
		B0DD7623221A61F400008BAA /* Pool.swift */ = {isa = PBXFileReference; lastKnownFileType = sourcecode.swift; path = Pool.swift; sourceTree = "<group>"; };
		B0E2365F2156762900FBE7B3 /* XCTUnwrapped.swift */ = {isa = PBXFileReference; fileEncoding = 4; lastKnownFileType = sourcecode.swift; path = XCTUnwrapped.swift; sourceTree = "<group>"; };
		B0E236602156762900FBE7B3 /* XCTSuccess.swift */ = {isa = PBXFileReference; fileEncoding = 4; lastKnownFileType = sourcecode.swift; path = XCTSuccess.swift; sourceTree = "<group>"; };
/* End PBXFileReference section */

/* Begin PBXFrameworksBuildPhase section */
		B05D4F601F1E0D9D00929006 /* Frameworks */ = {
			isa = PBXFrameworksBuildPhase;
			buildActionMask = 2147483647;
			files = (
			);
			runOnlyForDeploymentPostprocessing = 0;
		};
		B05D4F6A1F1E0D9E00929006 /* Frameworks */ = {
			isa = PBXFrameworksBuildPhase;
			buildActionMask = 2147483647;
			files = (
				B05D4F6E1F1E0D9E00929006 /* TinyCore.framework in Frameworks */,
			);
			runOnlyForDeploymentPostprocessing = 0;
		};
/* End PBXFrameworksBuildPhase section */

/* Begin PBXGroup section */
		B00C35632017223700531F72 /* Event */ = {
			isa = PBXGroup;
			children = (
				B00C35662017224600531F72 /* EventEmitter.swift */,
			);
			path = Event;
			sourceTree = "<group>";
		};
		B03BE8761F68D53D002E076A /* Int+Extensions */ = {
			isa = PBXGroup;
			children = (
				B03BE8771F68D54D002E076A /* Int+RandomNumber.swift */,
			);
			path = "Int+Extensions";
			sourceTree = "<group>";
		};
		B05017392078C999009838F9 /* Geometry */ = {
			isa = PBXGroup;
			children = (
				B050173B2078C999009838F9 /* Degrees.swift */,
				B050173A2078C999009838F9 /* Degrees+Radian.swift */,
				B050173D2078C999009838F9 /* Radian.swift */,
				B050173C2078C999009838F9 /* Radian+Degrees.swift */,
			);
			path = Geometry;
			sourceTree = "<group>";
		};
		B0577E731F98EBEF00B1578E /* Coder */ = {
			isa = PBXGroup;
			children = (
				B0577E711F98EB2F00B1578E /* HTTPBodyDecoder.swift */,
				B0577E741F98EC1400B1578E /* JSONDecoder+HTTPBodyDecoder.swift */,
			);
			path = Coder;
			sourceTree = "<group>";
		};
		B0577E781F98F0A000B1578E /* Result */ = {
			isa = PBXGroup;
			children = (
				B0577E791F98F0B300B1578E /* Result.swift */,
			);
			path = Result;
			sourceTree = "<group>";
		};
		B05D4F5A1F1E0D9D00929006 = {
			isa = PBXGroup;
			children = (
				B05D4FB61F1E10C200929006 /* Sources */,
				B05D4FBE1F1E10D100929006 /* Tests */,
				B05D4F651F1E0D9D00929006 /* Products */,
				B0AFDC8D20170E9200D8DEF6 /* Frameworks */,
			);
			sourceTree = "<group>";
		};
		B05D4F651F1E0D9D00929006 /* Products */ = {
			isa = PBXGroup;
			children = (
				B05D4F641F1E0D9D00929006 /* TinyCore.framework */,
				B05D4F6D1F1E0D9E00929006 /* TinyCoreTests.xctest */,
			);
			name = Products;
			sourceTree = "<group>";
		};
		B05D4FB61F1E10C200929006 /* Sources */ = {
			isa = PBXGroup;
			children = (
				B0D0DB1D21462B6B00AD1EE7 /* iOS */,
				B0CF898D2219A8FC0020ECD1 /* Context */,
				B0DD761D221A5DE000008BAA /* Pool */,
				B00C35632017223700531F72 /* Event */,
				B05017392078C999009838F9 /* Geometry */,
				B0DB58C61F989B7A00DAD605 /* HTTP */,
				B03BE8761F68D53D002E076A /* Int+Extensions */,
				B0BC23832078F8C000D11A3B /* Observable */,
				B0577E781F98F0A000B1578E /* Result */,
				B0BC23862078F90700D11A3B /* WeakObject.swift */,
				B05017382078C999009838F9 /* Array+InsertBetween.swift */,
				B0A26EC82155E6A900747535 /* Unique.swift */,
				B07A2C3D215A1CF8002EFE87 /* Emptible.swift */,
				B0C8C35221C1114F00DED5BF /* Countable.swift */,
				B0836F4321FD71EE004D68F2 /* Initializable.swift */,
				B062C5BA2212C560001807A6 /* ServiceTask.swift */,
				B062C5BC2212C5B8001807A6 /* URLSessionDataTask+ServiceTask.swift */,
			);
			path = Sources;
			sourceTree = "<group>";
		};
		B05D4FBE1F1E10D100929006 /* Tests */ = {
			isa = PBXGroup;
			children = (
				B0CF898A2219A6700020ECD1 /* Context */,
				B0DD761C221A5DD600008BAA /* Pool */,
				B0E2365E2156762900FBE7B3 /* Helpers */,
				B0652DB12147F867009F8757 /* Observable */,
				B0D0DB132146167F00AD1EE7 /* Result */,
				B0A9DE84201724E600AEF782 /* Event */,
				B05D4FC21F1E10D100929006 /* Info.plist */,
			);
			path = Tests;
			sourceTree = "<group>";
		};
		B0652DB12147F867009F8757 /* Observable */ = {
			isa = PBXGroup;
			children = (
				B0652DB22147F878009F8757 /* ObservableTests.swift */,
				B089F9A421F1D5E30052AD8D /* PropertyTests.swift */,
				B089F9A721F210E70052AD8D /* AtomicTests.swift */,
			);
			path = Observable;
			sourceTree = "<group>";
		};
		B0A9DE84201724E600AEF782 /* Event */ = {
			isa = PBXGroup;
			children = (
				B0A9DE85201724FE00AEF782 /* EventManagerTests.swift */,
				B0A9DE872017255500AEF782 /* TrafficLight.swift */,
			);
			path = Event;
			sourceTree = "<group>";
		};
		B0AFDC8D20170E9200D8DEF6 /* Frameworks */ = {
			isa = PBXGroup;
			children = (
			);
			name = Frameworks;
			sourceTree = "<group>";
		};
		B0BC23832078F8C000D11A3B /* Observable */ = {
			isa = PBXGroup;
			children = (
				B0652DAB21479818009F8757 /* Observation.swift */,
				B0652DA9214797E6009F8757 /* ObservedChange.swift */,
				B0BC23842078F8C000D11A3B /* Observable.swift */,
				B0772ED92193D8960082C055 /* Observable+Codable.swift */,
				B0C8C33E21C0BB0200DED5BF /* Observable+Equatable.swift */,
				B0C8C34021C0E1D100DED5BF /* Binding.swift */,
				B0C8C34621C0E31100DED5BF /* AnyBinding.swift */,
				B0C8C34421C0E27900DED5BF /* ValueBinding.swift */,
				B0C8C34221C0E1F000DED5BF /* OptionalValueBinding.swift */,
				B089F9A221F1D5200052AD8D /* Property.swift */,
				B089F9AA21F212850052AD8D /* Atomic.swift */,
			);
			path = Observable;
			sourceTree = "<group>";
		};
		B0CF898A2219A6700020ECD1 /* Context */ = {
			isa = PBXGroup;
			children = (
				B0CF898B2219A6970020ECD1 /* ContextTests.swift */,
			);
			path = Context;
			sourceTree = "<group>";
		};
		B0CF898D2219A8FC0020ECD1 /* Context */ = {
			isa = PBXGroup;
			children = (
				B0CF898E2219A9120020ECD1 /* Context.swift */,
				B0CF89902219A9370020ECD1 /* ContextError.swift */,
			);
			path = Context;
			sourceTree = "<group>";
		};
		B0D0DB132146167F00AD1EE7 /* Result */ = {
			isa = PBXGroup;
			children = (
				B0D0DB142146169400AD1EE7 /* ResultTests.swift */,
				B0D0DB1A2146185E00AD1EE7 /* HTTPError.swift */,
			);
			path = Result;
			sourceTree = "<group>";
		};
		B0D0DB1D21462B6B00AD1EE7 /* iOS */ = {
			isa = PBXGroup;
			children = (
				B05D4FBA1F1E10C200929006 /* TinyCore.h */,
				B05D4FB91F1E10C200929006 /* Info.plist */,
			);
			path = iOS;
			sourceTree = "<group>";
		};
		B0DB58C61F989B7A00DAD605 /* HTTP */ = {
			isa = PBXGroup;
			children = (
				B0577E731F98EBEF00B1578E /* Coder */,
				B0DB58CB1F989C1400DAD605 /* HTTPClient.swift */,
				B0836F0421FC345E004D68F2 /* HTTPError.swift */,
				B0836F2B21FCB13E004D68F2 /* HTTPRequest.swift */,
				B0836F2D21FCBAE1004D68F2 /* HTTPRequest+URLRequestRepresentable.swift */,
				B0836F1421FC53E4004D68F2 /* HTTPResponse.swift */,
				B0836F0A21FC5087004D68F2 /* HTTPHeader.swift */,
				B0836F2621FCACE2004D68F2 /* HTTPHeaderRepresentable.swift */,
				B0836F2821FCAE96004D68F2 /* HTTPMethod.swift */,
				B0836F0621FC4FC5004D68F2 /* URLRequestRepresentable.swift */,
				B0836F1621FC5603004D68F2 /* URLRequest+URLRequestRepresentable.swift */,
				B0836F0E21FC50C6004D68F2 /* URLRequest+HTTPHeader.swift */,
				B0AFDC89201703DC00D8DEF6 /* URLSession+HTTPClient.swift */,
				B07AB28C2200454B00E80ADC /* MIMEType.swift */,
				B07AB28E2200457600E80ADC /* MIMEType+HTTPHeaderRepresentable.swift */,
				B062C5BE2212C5EF001807A6 /* HTTPBodyEncoder.swift */,
				B062C5C02212C60C001807A6 /* EmptyHTTPBody.swift */,
				B062C5C22212C662001807A6 /* JSONEncoder+HTTPBodyEncoder.swift */,
			);
			path = HTTP;
			sourceTree = "<group>";
		};
		B0DD761C221A5DD600008BAA /* Pool */ = {
			isa = PBXGroup;
			children = (
				B0DD761E221A5E0200008BAA /* PoolTests.swift */,
			);
			path = Pool;
			sourceTree = "<group>";
		};
		B0DD761D221A5DE000008BAA /* Pool */ = {
			isa = PBXGroup;
			children = (
				B0DD7623221A61F400008BAA /* Pool.swift */,
			);
			path = Pool;
			sourceTree = "<group>";
		};
		B0E2365E2156762900FBE7B3 /* Helpers */ = {
			isa = PBXGroup;
			children = (
				B0E2365F2156762900FBE7B3 /* XCTUnwrapped.swift */,
				B0E236602156762900FBE7B3 /* XCTSuccess.swift */,
			);
			path = Helpers;
			sourceTree = "<group>";
		};
/* End PBXGroup section */

/* Begin PBXHeadersBuildPhase section */
		B05D4F611F1E0D9D00929006 /* Headers */ = {
			isa = PBXHeadersBuildPhase;
			buildActionMask = 2147483647;
			files = (
				B05D4FBD1F1E10C200929006 /* TinyCore.h in Headers */,
			);
			runOnlyForDeploymentPostprocessing = 0;
		};
/* End PBXHeadersBuildPhase section */

/* Begin PBXNativeTarget section */
		B05D4F631F1E0D9D00929006 /* TinyCore iOS */ = {
			isa = PBXNativeTarget;
			buildConfigurationList = B05D4F781F1E0D9E00929006 /* Build configuration list for PBXNativeTarget "TinyCore iOS" */;
			buildPhases = (
				B05D4F5F1F1E0D9D00929006 /* Sources */,
				B05D4F601F1E0D9D00929006 /* Frameworks */,
				B05D4F611F1E0D9D00929006 /* Headers */,
				B05D4F621F1E0D9D00929006 /* Resources */,
			);
			buildRules = (
			);
			dependencies = (
			);
			name = "TinyCore iOS";
			productName = TinyCore;
			productReference = B05D4F641F1E0D9D00929006 /* TinyCore.framework */;
			productType = "com.apple.product-type.framework";
		};
		B05D4F6C1F1E0D9E00929006 /* TinyCoreTests iOS */ = {
			isa = PBXNativeTarget;
			buildConfigurationList = B05D4F7B1F1E0D9E00929006 /* Build configuration list for PBXNativeTarget "TinyCoreTests iOS" */;
			buildPhases = (
				B05D4F691F1E0D9E00929006 /* Sources */,
				B05D4F6A1F1E0D9E00929006 /* Frameworks */,
				B05D4F6B1F1E0D9E00929006 /* Resources */,
			);
			buildRules = (
			);
			dependencies = (
				B05D4F701F1E0D9E00929006 /* PBXTargetDependency */,
			);
			name = "TinyCoreTests iOS";
			productName = TinyCoreTests;
			productReference = B05D4F6D1F1E0D9E00929006 /* TinyCoreTests.xctest */;
			productType = "com.apple.product-type.bundle.unit-test";
		};
/* End PBXNativeTarget section */

/* Begin PBXProject section */
		B05D4F5B1F1E0D9D00929006 /* Project object */ = {
			isa = PBXProject;
			attributes = {
				LastSwiftUpdateCheck = 0830;
				LastUpgradeCheck = 1000;
				ORGANIZATIONNAME = TinyWorld;
				TargetAttributes = {
					B05D4F631F1E0D9D00929006 = {
						CreatedOnToolsVersion = 8.3.3;
						DevelopmentTeam = 5CE6946X84;
						LastSwiftMigration = 0900;
						ProvisioningStyle = Automatic;
					};
					B05D4F6C1F1E0D9E00929006 = {
						CreatedOnToolsVersion = 8.3.3;
						DevelopmentTeam = 5CE6946X84;
						LastSwiftMigration = 0900;
						ProvisioningStyle = Automatic;
					};
				};
			};
			buildConfigurationList = B05D4F5E1F1E0D9D00929006 /* Build configuration list for PBXProject "TinyCore" */;
			compatibilityVersion = "Xcode 3.2";
			developmentRegion = English;
			hasScannedForEncodings = 0;
			knownRegions = (
				en,
			);
			mainGroup = B05D4F5A1F1E0D9D00929006;
			productRefGroup = B05D4F651F1E0D9D00929006 /* Products */;
			projectDirPath = "";
			projectRoot = "";
			targets = (
				B05D4F631F1E0D9D00929006 /* TinyCore iOS */,
				B05D4F6C1F1E0D9E00929006 /* TinyCoreTests iOS */,
			);
		};
/* End PBXProject section */

/* Begin PBXResourcesBuildPhase section */
		B05D4F621F1E0D9D00929006 /* Resources */ = {
			isa = PBXResourcesBuildPhase;
			buildActionMask = 2147483647;
			files = (
			);
			runOnlyForDeploymentPostprocessing = 0;
		};
		B05D4F6B1F1E0D9E00929006 /* Resources */ = {
			isa = PBXResourcesBuildPhase;
			buildActionMask = 2147483647;
			files = (
			);
			runOnlyForDeploymentPostprocessing = 0;
		};
/* End PBXResourcesBuildPhase section */

/* Begin PBXSourcesBuildPhase section */
		B05D4F5F1F1E0D9D00929006 /* Sources */ = {
			isa = PBXSourcesBuildPhase;
			buildActionMask = 2147483647;
			files = (
				B089F9A321F1D5200052AD8D /* Property.swift in Sources */,
				B0BC23852078F8C000D11A3B /* Observable.swift in Sources */,
				B0A26EC92155E6A900747535 /* Unique.swift in Sources */,
				B05017412078C99A009838F9 /* Radian+Degrees.swift in Sources */,
				B0C8C34121C0E1D100DED5BF /* Binding.swift in Sources */,
				B0836F2E21FCBAE1004D68F2 /* HTTPRequest+URLRequestRepresentable.swift in Sources */,
				B050173F2078C999009838F9 /* Degrees+Radian.swift in Sources */,
				B0836F1721FC5603004D68F2 /* URLRequest+URLRequestRepresentable.swift in Sources */,
				B0577E7A1F98F0B300B1578E /* Result.swift in Sources */,
				B07AB28F2200457600E80ADC /* MIMEType+HTTPHeaderRepresentable.swift in Sources */,
				B0C8C34721C0E31100DED5BF /* AnyBinding.swift in Sources */,
				B0BC23872078F90700D11A3B /* WeakObject.swift in Sources */,
				B0836F0F21FC50C6004D68F2 /* URLRequest+HTTPHeader.swift in Sources */,
				B0CF89912219A9370020ECD1 /* ContextError.swift in Sources */,
				B0836F1521FC53E4004D68F2 /* HTTPResponse.swift in Sources */,
				B0DD7624221A61F400008BAA /* Pool.swift in Sources */,
				B0C8C33F21C0BB0200DED5BF /* Observable+Equatable.swift in Sources */,
				B050173E2078C999009838F9 /* Array+InsertBetween.swift in Sources */,
				B0836F0721FC4FC5004D68F2 /* URLRequestRepresentable.swift in Sources */,
				B089F9AB21F212850052AD8D /* Atomic.swift in Sources */,
				B062C5BB2212C561001807A6 /* ServiceTask.swift in Sources */,
				B0CF898F2219A9120020ECD1 /* Context.swift in Sources */,
				B0652DAC21479818009F8757 /* Observation.swift in Sources */,
				B062C5BD2212C5B9001807A6 /* URLSessionDataTask+ServiceTask.swift in Sources */,
				B0836F2721FCACE2004D68F2 /* HTTPHeaderRepresentable.swift in Sources */,
				B0652DAA214797E6009F8757 /* ObservedChange.swift in Sources */,
				B05017402078C999009838F9 /* Degrees.swift in Sources */,
				B062C5C32212C662001807A6 /* JSONEncoder+HTTPBodyEncoder.swift in Sources */,
				B0836F0521FC345E004D68F2 /* HTTPError.swift in Sources */,
				B0AFDC8A201703DC00D8DEF6 /* URLSession+HTTPClient.swift in Sources */,
				B0836F0B21FC5087004D68F2 /* HTTPHeader.swift in Sources */,
				B062C5BF2212C5EF001807A6 /* HTTPBodyEncoder.swift in Sources */,
				B0836F2A21FCAF01004D68F2 /* HTTPMethod.swift in Sources */,
				B05017422078C99A009838F9 /* Radian.swift in Sources */,
				B0DB58CC1F989C1400DAD605 /* HTTPClient.swift in Sources */,
				B062C5C12212C60C001807A6 /* EmptyHTTPBody.swift in Sources */,
				B03F39EA1F988DB300F7DA44 /* Int+RandomNumber.swift in Sources */,
				B0577E721F98EB2F00B1578E /* HTTPBodyDecoder.swift in Sources */,
				B0577E751F98EC1400B1578E /* JSONDecoder+HTTPBodyDecoder.swift in Sources */,
				B0C8C34321C0E1F000DED5BF /* OptionalValueBinding.swift in Sources */,
				B0836F4421FD71EE004D68F2 /* Initializable.swift in Sources */,
				B0772EDA2193D8960082C055 /* Observable+Codable.swift in Sources */,
				B07AB28D2200454B00E80ADC /* MIMEType.swift in Sources */,
				B0C8C34521C0E27900DED5BF /* ValueBinding.swift in Sources */,
				B0C8C35321C1114F00DED5BF /* Countable.swift in Sources */,
				B0836F2C21FCB13E004D68F2 /* HTTPRequest.swift in Sources */,
				B00C35692017224600531F72 /* EventEmitter.swift in Sources */,
				B07A2C3E215A1CF8002EFE87 /* Emptible.swift in Sources */,
			);
			runOnlyForDeploymentPostprocessing = 0;
		};
		B05D4F691F1E0D9E00929006 /* Sources */ = {
			isa = PBXSourcesBuildPhase;
			buildActionMask = 2147483647;
			files = (
				B0DD7622221A5EE400008BAA /* PoolTests.swift in Sources */,
				B0D0DB152146169400AD1EE7 /* ResultTests.swift in Sources */,
				B0D0DB1C2146188500AD1EE7 /* HTTPError.swift in Sources */,
				B089F9A921F210F90052AD8D /* AtomicTests.swift in Sources */,
				B0CF898C2219A6970020ECD1 /* ContextTests.swift in Sources */,
				B0F51C9E21586AD700B592F5 /* XCTSuccess.swift in Sources */,
				B0A9DE86201724FE00AEF782 /* EventManagerTests.swift in Sources */,
				B0652DB32147F878009F8757 /* ObservableTests.swift in Sources */,
				B0E236622156762900FBE7B3 /* XCTUnwrapped.swift in Sources */,
				B089F9A621F1D5E60052AD8D /* PropertyTests.swift in Sources */,
				B0A9DE882017255500AEF782 /* TrafficLight.swift in Sources */,
			);
			runOnlyForDeploymentPostprocessing = 0;
		};
/* End PBXSourcesBuildPhase section */

/* Begin PBXTargetDependency section */
		B05D4F701F1E0D9E00929006 /* PBXTargetDependency */ = {
			isa = PBXTargetDependency;
			target = B05D4F631F1E0D9D00929006 /* TinyCore iOS */;
			targetProxy = B05D4F6F1F1E0D9E00929006 /* PBXContainerItemProxy */;
		};
/* End PBXTargetDependency section */

/* Begin XCBuildConfiguration section */
		B05D4F761F1E0D9E00929006 /* Debug */ = {
			isa = XCBuildConfiguration;
			buildSettings = {
				ALWAYS_SEARCH_USER_PATHS = NO;
				CLANG_ANALYZER_NONNULL = YES;
				CLANG_ANALYZER_NUMBER_OBJECT_CONVERSION = YES_AGGRESSIVE;
				CLANG_CXX_LANGUAGE_STANDARD = "gnu++0x";
				CLANG_CXX_LIBRARY = "libc++";
				CLANG_ENABLE_MODULES = YES;
				CLANG_ENABLE_OBJC_ARC = YES;
				CLANG_WARN_BLOCK_CAPTURE_AUTORELEASING = YES;
				CLANG_WARN_BOOL_CONVERSION = YES;
				CLANG_WARN_COMMA = YES;
				CLANG_WARN_CONSTANT_CONVERSION = YES;
				CLANG_WARN_DEPRECATED_OBJC_IMPLEMENTATIONS = YES;
				CLANG_WARN_DIRECT_OBJC_ISA_USAGE = YES_ERROR;
				CLANG_WARN_DOCUMENTATION_COMMENTS = YES;
				CLANG_WARN_EMPTY_BODY = YES;
				CLANG_WARN_ENUM_CONVERSION = YES;
				CLANG_WARN_INFINITE_RECURSION = YES;
				CLANG_WARN_INT_CONVERSION = YES;
				CLANG_WARN_NON_LITERAL_NULL_CONVERSION = YES;
				CLANG_WARN_OBJC_IMPLICIT_RETAIN_SELF = YES;
				CLANG_WARN_OBJC_LITERAL_CONVERSION = YES;
				CLANG_WARN_OBJC_ROOT_CLASS = YES_ERROR;
				CLANG_WARN_RANGE_LOOP_ANALYSIS = YES;
				CLANG_WARN_STRICT_PROTOTYPES = YES;
				CLANG_WARN_SUSPICIOUS_MOVE = YES;
				CLANG_WARN_UNREACHABLE_CODE = YES;
				CLANG_WARN__DUPLICATE_METHOD_MATCH = YES;
				"CODE_SIGN_IDENTITY[sdk=iphoneos*]" = "iPhone Developer";
				COPY_PHASE_STRIP = NO;
				CURRENT_PROJECT_VERSION = 1;
				DEBUG_INFORMATION_FORMAT = dwarf;
				ENABLE_STRICT_OBJC_MSGSEND = YES;
				ENABLE_TESTABILITY = YES;
				GCC_C_LANGUAGE_STANDARD = gnu99;
				GCC_DYNAMIC_NO_PIC = NO;
				GCC_NO_COMMON_BLOCKS = YES;
				GCC_OPTIMIZATION_LEVEL = 0;
				GCC_PREPROCESSOR_DEFINITIONS = (
					"DEBUG=1",
					"$(inherited)",
				);
				GCC_WARN_64_TO_32_BIT_CONVERSION = YES;
				GCC_WARN_ABOUT_RETURN_TYPE = YES_ERROR;
				GCC_WARN_UNDECLARED_SELECTOR = YES;
				GCC_WARN_UNINITIALIZED_AUTOS = YES_AGGRESSIVE;
				GCC_WARN_UNUSED_FUNCTION = YES;
				GCC_WARN_UNUSED_VARIABLE = YES;
				IPHONEOS_DEPLOYMENT_TARGET = 10.0;
				MTL_ENABLE_DEBUG_INFO = YES;
				ONLY_ACTIVE_ARCH = YES;
				PRODUCT_BUNDLE_IDENTIFIER = "com.tinyworld.$(PROJECT_NAME)";
				PRODUCT_MODULE_NAME = "$(PROJECT_NAME)";
				PRODUCT_NAME = "$(PROJECT_NAME)";
				SDKROOT = iphoneos;
				SWIFT_ACTIVE_COMPILATION_CONDITIONS = DEBUG;
				SWIFT_OPTIMIZATION_LEVEL = "-Onone";
				TARGETED_DEVICE_FAMILY = "1,2";
				VERSIONING_SYSTEM = "apple-generic";
				VERSION_INFO_PREFIX = "";
			};
			name = Debug;
		};
		B05D4F771F1E0D9E00929006 /* Release */ = {
			isa = XCBuildConfiguration;
			buildSettings = {
				ALWAYS_SEARCH_USER_PATHS = NO;
				CLANG_ANALYZER_NONNULL = YES;
				CLANG_ANALYZER_NUMBER_OBJECT_CONVERSION = YES_AGGRESSIVE;
				CLANG_CXX_LANGUAGE_STANDARD = "gnu++0x";
				CLANG_CXX_LIBRARY = "libc++";
				CLANG_ENABLE_MODULES = YES;
				CLANG_ENABLE_OBJC_ARC = YES;
				CLANG_WARN_BLOCK_CAPTURE_AUTORELEASING = YES;
				CLANG_WARN_BOOL_CONVERSION = YES;
				CLANG_WARN_COMMA = YES;
				CLANG_WARN_CONSTANT_CONVERSION = YES;
				CLANG_WARN_DEPRECATED_OBJC_IMPLEMENTATIONS = YES;
				CLANG_WARN_DIRECT_OBJC_ISA_USAGE = YES_ERROR;
				CLANG_WARN_DOCUMENTATION_COMMENTS = YES;
				CLANG_WARN_EMPTY_BODY = YES;
				CLANG_WARN_ENUM_CONVERSION = YES;
				CLANG_WARN_INFINITE_RECURSION = YES;
				CLANG_WARN_INT_CONVERSION = YES;
				CLANG_WARN_NON_LITERAL_NULL_CONVERSION = YES;
				CLANG_WARN_OBJC_IMPLICIT_RETAIN_SELF = YES;
				CLANG_WARN_OBJC_LITERAL_CONVERSION = YES;
				CLANG_WARN_OBJC_ROOT_CLASS = YES_ERROR;
				CLANG_WARN_RANGE_LOOP_ANALYSIS = YES;
				CLANG_WARN_STRICT_PROTOTYPES = YES;
				CLANG_WARN_SUSPICIOUS_MOVE = YES;
				CLANG_WARN_UNREACHABLE_CODE = YES;
				CLANG_WARN__DUPLICATE_METHOD_MATCH = YES;
				"CODE_SIGN_IDENTITY[sdk=iphoneos*]" = "iPhone Developer";
				COPY_PHASE_STRIP = NO;
				CURRENT_PROJECT_VERSION = 1;
				DEBUG_INFORMATION_FORMAT = "dwarf-with-dsym";
				ENABLE_NS_ASSERTIONS = NO;
				ENABLE_STRICT_OBJC_MSGSEND = YES;
				GCC_C_LANGUAGE_STANDARD = gnu99;
				GCC_NO_COMMON_BLOCKS = YES;
				GCC_WARN_64_TO_32_BIT_CONVERSION = YES;
				GCC_WARN_ABOUT_RETURN_TYPE = YES_ERROR;
				GCC_WARN_UNDECLARED_SELECTOR = YES;
				GCC_WARN_UNINITIALIZED_AUTOS = YES_AGGRESSIVE;
				GCC_WARN_UNUSED_FUNCTION = YES;
				GCC_WARN_UNUSED_VARIABLE = YES;
				IPHONEOS_DEPLOYMENT_TARGET = 10.0;
				MTL_ENABLE_DEBUG_INFO = NO;
				PRODUCT_BUNDLE_IDENTIFIER = "com.tinyworld.$(PROJECT_NAME)";
				PRODUCT_MODULE_NAME = "$(PROJECT_NAME)";
				PRODUCT_NAME = "$(PROJECT_NAME)";
				SDKROOT = iphoneos;
				SWIFT_OPTIMIZATION_LEVEL = "-Owholemodule";
				TARGETED_DEVICE_FAMILY = "1,2";
				VALIDATE_PRODUCT = YES;
				VERSIONING_SYSTEM = "apple-generic";
				VERSION_INFO_PREFIX = "";
			};
			name = Release;
		};
		B05D4F791F1E0D9E00929006 /* Debug */ = {
			isa = XCBuildConfiguration;
			buildSettings = {
				CODE_SIGN_IDENTITY = "";
				DEFINES_MODULE = YES;
				DEVELOPMENT_TEAM = 5CE6946X84;
				DYLIB_COMPATIBILITY_VERSION = 1;
				DYLIB_CURRENT_VERSION = 1;
				DYLIB_INSTALL_NAME_BASE = "@rpath";
				FRAMEWORK_SEARCH_PATHS = (
					"$(inherited)",
					"$(PROJECT_DIR)/Carthage/Build/iOS",
				);
				INFOPLIST_FILE = Sources/iOS/Info.plist;
				INSTALL_PATH = "$(LOCAL_LIBRARY_DIR)/Frameworks";
				LD_RUNPATH_SEARCH_PATHS = "$(inherited) @executable_path/Frameworks @loader_path/Frameworks";
				PRODUCT_MODULE_NAME = "$(inherited)";
				PRODUCT_NAME = "$(inherited)";
				SKIP_INSTALL = YES;
				SWIFT_SWIFT3_OBJC_INFERENCE = Default;
				SWIFT_VERSION = 4.2;
			};
			name = Debug;
		};
		B05D4F7A1F1E0D9E00929006 /* Release */ = {
			isa = XCBuildConfiguration;
			buildSettings = {
				CODE_SIGN_IDENTITY = "";
				DEFINES_MODULE = YES;
				DEVELOPMENT_TEAM = 5CE6946X84;
				DYLIB_COMPATIBILITY_VERSION = 1;
				DYLIB_CURRENT_VERSION = 1;
				DYLIB_INSTALL_NAME_BASE = "@rpath";
				FRAMEWORK_SEARCH_PATHS = (
					"$(inherited)",
					"$(PROJECT_DIR)/Carthage/Build/iOS",
				);
				INFOPLIST_FILE = Sources/iOS/Info.plist;
				INSTALL_PATH = "$(LOCAL_LIBRARY_DIR)/Frameworks";
				LD_RUNPATH_SEARCH_PATHS = "$(inherited) @executable_path/Frameworks @loader_path/Frameworks";
				PRODUCT_MODULE_NAME = "$(inherited)";
				PRODUCT_NAME = "$(inherited)";
				SKIP_INSTALL = YES;
				SWIFT_SWIFT3_OBJC_INFERENCE = Default;
				SWIFT_VERSION = 4.2;
			};
			name = Release;
		};
		B05D4F7C1F1E0D9E00929006 /* Debug */ = {
			isa = XCBuildConfiguration;
			buildSettings = {
				ALWAYS_EMBED_SWIFT_STANDARD_LIBRARIES = YES;
				DEVELOPMENT_TEAM = 5CE6946X84;
				INFOPLIST_FILE = Tests/Info.plist;
				LD_RUNPATH_SEARCH_PATHS = "$(inherited) @executable_path/Frameworks @loader_path/Frameworks";
				PRODUCT_BUNDLE_IDENTIFIER = "$(inherited)Tests";
				PRODUCT_MODULE_NAME = "$(inherited)Tests";
				PRODUCT_NAME = "$(inherited)Tests";
				SWIFT_SWIFT3_OBJC_INFERENCE = Default;
				SWIFT_VERSION = 4.0;
			};
			name = Debug;
		};
		B05D4F7D1F1E0D9E00929006 /* Release */ = {
			isa = XCBuildConfiguration;
			buildSettings = {
				ALWAYS_EMBED_SWIFT_STANDARD_LIBRARIES = YES;
				DEVELOPMENT_TEAM = 5CE6946X84;
				INFOPLIST_FILE = Tests/Info.plist;
				LD_RUNPATH_SEARCH_PATHS = "$(inherited) @executable_path/Frameworks @loader_path/Frameworks";
				PRODUCT_BUNDLE_IDENTIFIER = "$(inherited)Tests";
				PRODUCT_MODULE_NAME = "$(inherited)Tests";
				PRODUCT_NAME = "$(inherited)Tests";
				SWIFT_SWIFT3_OBJC_INFERENCE = Default;
				SWIFT_VERSION = 4.0;
			};
			name = Release;
		};
/* End XCBuildConfiguration section */

/* Begin XCConfigurationList section */
		B05D4F5E1F1E0D9D00929006 /* Build configuration list for PBXProject "TinyCore" */ = {
			isa = XCConfigurationList;
			buildConfigurations = (
				B05D4F761F1E0D9E00929006 /* Debug */,
				B05D4F771F1E0D9E00929006 /* Release */,
			);
			defaultConfigurationIsVisible = 0;
			defaultConfigurationName = Release;
		};
		B05D4F781F1E0D9E00929006 /* Build configuration list for PBXNativeTarget "TinyCore iOS" */ = {
			isa = XCConfigurationList;
			buildConfigurations = (
				B05D4F791F1E0D9E00929006 /* Debug */,
				B05D4F7A1F1E0D9E00929006 /* Release */,
			);
			defaultConfigurationIsVisible = 0;
			defaultConfigurationName = Release;
		};
		B05D4F7B1F1E0D9E00929006 /* Build configuration list for PBXNativeTarget "TinyCoreTests iOS" */ = {
			isa = XCConfigurationList;
			buildConfigurations = (
				B05D4F7C1F1E0D9E00929006 /* Debug */,
				B05D4F7D1F1E0D9E00929006 /* Release */,
			);
			defaultConfigurationIsVisible = 0;
			defaultConfigurationName = Release;
		};
/* End XCConfigurationList section */
	};
	rootObject = B05D4F5B1F1E0D9D00929006 /* Project object */;
}
